
Microsoft Visual Studio Solution File, Format Version 12.00
# Visual Studio Version 17
VisualStudioVersion = 17.0.31903.59
MinimumVisualStudioVersion = 10.0.40219.1
Project("{2150E333-8FDC-42A3-9474-1A3956D46DE8}") = "Src", "Src", "{2566972F-C6AA-4862-885E-644C5F4601D1}"
EndProject
Project("{2150E333-8FDC-42A3-9474-1A3956D46DE8}") = "Test", "Test", "{44E67941-2CB3-46EF-B30A-6A4A01523FFA}"
EndProject
Project("{2150E333-8FDC-42A3-9474-1A3956D46DE8}") = "Base", "Base", "{F65DF711-1138-49DD-A70C-899EB64D9A59}"
EndProject
Project("{2150E333-8FDC-42A3-9474-1A3956D46DE8}") = "UI", "UI", "{53F52BA6-3AA4-438E-B32A-91191DA1C179}"
EndProject
Project("{9A19103F-16F7-4668-BE54-9A1E7A4F7556}") = "Application", "Src\Base\Application\Application.csproj", "{B24961C9-985E-46CC-B75C-4C64A4E8900B}"
EndProject
Project("{9A19103F-16F7-4668-BE54-9A1E7A4F7556}") = "Common", "Src\Base\Common\Common.csproj", "{93922242-8744-485C-AE0C-EE0584CDA441}"
EndProject
Project("{9A19103F-16F7-4668-BE54-9A1E7A4F7556}") = "Domain", "Src\Base\Domain\Domain.csproj", "{1E1A1553-88E6-4B36-A1BA-32ECE137FD08}"
EndProject
Project("{9A19103F-16F7-4668-BE54-9A1E7A4F7556}") = "Infrastructure", "Src\Base\Infrastructure\Infrastructure.csproj", "{B9ACE188-6ACE-411A-9D6B-71D107D061E0}"
EndProject
Project("{9A19103F-16F7-4668-BE54-9A1E7A4F7556}") = "PublicApi", "Src\UI\PublicApi\PublicApi.csproj", "{D917F4E9-9FD0-4C1D-8D7D-6BF600B605B4}"
EndProject
Project("{9A19103F-16F7-4668-BE54-9A1E7A4F7556}") = "Acceptance.Test", "Src\Test\Acceptance.Test\Acceptance.Test\Acceptance.Test.csproj", "{3FC5FCB9-B104-43FA-99C6-92BE05220810}"
EndProject
Project("{9A19103F-16F7-4668-BE54-9A1E7A4F7556}") = "Common.Test", "Src\Test\Common.Test\Common.Test.csproj", "{2FE039D8-1828-47BC-838E-68C9FAF0B3B8}"
EndProject
Project("{9A19103F-16F7-4668-BE54-9A1E7A4F7556}") = "Domain.Test", "Src\Test\Domain.Test\Domain.Test.csproj", "{63BED32F-F351-4D05-B43A-B063C9F75136}"
EndProject
Project("{9A19103F-16F7-4668-BE54-9A1E7A4F7556}") = "IntegrationTests", "Src\Test\IntegrationTests\IntegrationTests.csproj", "{7E5287D2-F9CE-48E2-A8E4-5E9A71AE6CCF}"
EndProject
Project("{9A19103F-16F7-4668-BE54-9A1E7A4F7556}") = "Test.Application", "Src\Test\Test.Application\Test.Application.csproj", "{6062226B-7C77-4A79-8D45-809DE6879B95}"
EndProject
Project("{9A19103F-16F7-4668-BE54-9A1E7A4F7556}") = "Models", "Src\Base\Models\Models.csproj", "{B101B6DC-22DF-4D50-A43D-69324E4B671A}"
EndProject
Project("{FAE04EC0-301F-11D3-BF4B-00C04F79EFBC}") = "Web", "Src\UI\Web\Web.csproj", "{11BDB40F-EF44-4F62-A217-24C16EC8A9F2}"
EndProject
Global
	GlobalSection(SolutionConfigurationPlatforms) = preSolution
		Debug|Any CPU = Debug|Any CPU
		Release|Any CPU = Release|Any CPU
	EndGlobalSection
	GlobalSection(ProjectConfigurationPlatforms) = postSolution
		{B24961C9-985E-46CC-B75C-4C64A4E8900B}.Debug|Any CPU.ActiveCfg = Debug|Any CPU
		{B24961C9-985E-46CC-B75C-4C64A4E8900B}.Debug|Any CPU.Build.0 = Debug|Any CPU
		{B24961C9-985E-46CC-B75C-4C64A4E8900B}.Release|Any CPU.ActiveCfg = Release|Any CPU
		{B24961C9-985E-46CC-B75C-4C64A4E8900B}.Release|Any CPU.Build.0 = Release|Any CPU
		{93922242-8744-485C-AE0C-EE0584CDA441}.Debug|Any CPU.ActiveCfg = Debug|Any CPU
		{93922242-8744-485C-AE0C-EE0584CDA441}.Debug|Any CPU.Build.0 = Debug|Any CPU
		{93922242-8744-485C-AE0C-EE0584CDA441}.Release|Any CPU.ActiveCfg = Release|Any CPU
		{93922242-8744-485C-AE0C-EE0584CDA441}.Release|Any CPU.Build.0 = Release|Any CPU
		{1E1A1553-88E6-4B36-A1BA-32ECE137FD08}.Debug|Any CPU.ActiveCfg = Debug|Any CPU
		{1E1A1553-88E6-4B36-A1BA-32ECE137FD08}.Debug|Any CPU.Build.0 = Debug|Any CPU
		{1E1A1553-88E6-4B36-A1BA-32ECE137FD08}.Release|Any CPU.ActiveCfg = Release|Any CPU
		{1E1A1553-88E6-4B36-A1BA-32ECE137FD08}.Release|Any CPU.Build.0 = Release|Any CPU
		{B9ACE188-6ACE-411A-9D6B-71D107D061E0}.Debug|Any CPU.ActiveCfg = Debug|Any CPU
		{B9ACE188-6ACE-411A-9D6B-71D107D061E0}.Debug|Any CPU.Build.0 = Debug|Any CPU
		{B9ACE188-6ACE-411A-9D6B-71D107D061E0}.Release|Any CPU.ActiveCfg = Release|Any CPU
		{B9ACE188-6ACE-411A-9D6B-71D107D061E0}.Release|Any CPU.Build.0 = Release|Any CPU
		{D917F4E9-9FD0-4C1D-8D7D-6BF600B605B4}.Debug|Any CPU.ActiveCfg = Debug|Any CPU
		{D917F4E9-9FD0-4C1D-8D7D-6BF600B605B4}.Debug|Any CPU.Build.0 = Debug|Any CPU
		{D917F4E9-9FD0-4C1D-8D7D-6BF600B605B4}.Release|Any CPU.ActiveCfg = Release|Any CPU
		{D917F4E9-9FD0-4C1D-8D7D-6BF600B605B4}.Release|Any CPU.Build.0 = Release|Any CPU
		{3FC5FCB9-B104-43FA-99C6-92BE05220810}.Debug|Any CPU.ActiveCfg = Debug|Any CPU
		{3FC5FCB9-B104-43FA-99C6-92BE05220810}.Debug|Any CPU.Build.0 = Debug|Any CPU
		{3FC5FCB9-B104-43FA-99C6-92BE05220810}.Release|Any CPU.ActiveCfg = Release|Any CPU
		{3FC5FCB9-B104-43FA-99C6-92BE05220810}.Release|Any CPU.Build.0 = Release|Any CPU
		{2FE039D8-1828-47BC-838E-68C9FAF0B3B8}.Debug|Any CPU.ActiveCfg = Debug|Any CPU
		{2FE039D8-1828-47BC-838E-68C9FAF0B3B8}.Debug|Any CPU.Build.0 = Debug|Any CPU
		{2FE039D8-1828-47BC-838E-68C9FAF0B3B8}.Release|Any CPU.ActiveCfg = Release|Any CPU
		{2FE039D8-1828-47BC-838E-68C9FAF0B3B8}.Release|Any CPU.Build.0 = Release|Any CPU
		{63BED32F-F351-4D05-B43A-B063C9F75136}.Debug|Any CPU.ActiveCfg = Debug|Any CPU
		{63BED32F-F351-4D05-B43A-B063C9F75136}.Debug|Any CPU.Build.0 = Debug|Any CPU
		{63BED32F-F351-4D05-B43A-B063C9F75136}.Release|Any CPU.ActiveCfg = Release|Any CPU
		{63BED32F-F351-4D05-B43A-B063C9F75136}.Release|Any CPU.Build.0 = Release|Any CPU
		{7E5287D2-F9CE-48E2-A8E4-5E9A71AE6CCF}.Debug|Any CPU.ActiveCfg = Debug|Any CPU
		{7E5287D2-F9CE-48E2-A8E4-5E9A71AE6CCF}.Debug|Any CPU.Build.0 = Debug|Any CPU
		{7E5287D2-F9CE-48E2-A8E4-5E9A71AE6CCF}.Release|Any CPU.ActiveCfg = Release|Any CPU
		{7E5287D2-F9CE-48E2-A8E4-5E9A71AE6CCF}.Release|Any CPU.Build.0 = Release|Any CPU
		{6062226B-7C77-4A79-8D45-809DE6879B95}.Debug|Any CPU.ActiveCfg = Debug|Any CPU
		{6062226B-7C77-4A79-8D45-809DE6879B95}.Debug|Any CPU.Build.0 = Debug|Any CPU
		{6062226B-7C77-4A79-8D45-809DE6879B95}.Release|Any CPU.ActiveCfg = Release|Any CPU
		{6062226B-7C77-4A79-8D45-809DE6879B95}.Release|Any CPU.Build.0 = Release|Any CPU
		{B101B6DC-22DF-4D50-A43D-69324E4B671A}.Debug|Any CPU.ActiveCfg = Debug|Any CPU
		{B101B6DC-22DF-4D50-A43D-69324E4B671A}.Debug|Any CPU.Build.0 = Debug|Any CPU
		{B101B6DC-22DF-4D50-A43D-69324E4B671A}.Release|Any CPU.ActiveCfg = Release|Any CPU
		{B101B6DC-22DF-4D50-A43D-69324E4B671A}.Release|Any CPU.Build.0 = Release|Any CPU
		{11BDB40F-EF44-4F62-A217-24C16EC8A9F2}.Debug|Any CPU.ActiveCfg = Debug|Any CPU
		{11BDB40F-EF44-4F62-A217-24C16EC8A9F2}.Debug|Any CPU.Build.0 = Debug|Any CPU
		{11BDB40F-EF44-4F62-A217-24C16EC8A9F2}.Release|Any CPU.ActiveCfg = Release|Any CPU
		{11BDB40F-EF44-4F62-A217-24C16EC8A9F2}.Release|Any CPU.Build.0 = Release|Any CPU
	EndGlobalSection
	GlobalSection(SolutionProperties) = preSolution
		HideSolutionNode = FALSE
	EndGlobalSection
	GlobalSection(NestedProjects) = preSolution
		{44E67941-2CB3-46EF-B30A-6A4A01523FFA} = {2566972F-C6AA-4862-885E-644C5F4601D1}
		{F65DF711-1138-49DD-A70C-899EB64D9A59} = {2566972F-C6AA-4862-885E-644C5F4601D1}
		{53F52BA6-3AA4-438E-B32A-91191DA1C179} = {2566972F-C6AA-4862-885E-644C5F4601D1}
		{B24961C9-985E-46CC-B75C-4C64A4E8900B} = {F65DF711-1138-49DD-A70C-899EB64D9A59}
		{93922242-8744-485C-AE0C-EE0584CDA441} = {F65DF711-1138-49DD-A70C-899EB64D9A59}
		{1E1A1553-88E6-4B36-A1BA-32ECE137FD08} = {F65DF711-1138-49DD-A70C-899EB64D9A59}
		{B9ACE188-6ACE-411A-9D6B-71D107D061E0} = {F65DF711-1138-49DD-A70C-899EB64D9A59}
		{D917F4E9-9FD0-4C1D-8D7D-6BF600B605B4} = {53F52BA6-3AA4-438E-B32A-91191DA1C179}
		{3FC5FCB9-B104-43FA-99C6-92BE05220810} = {44E67941-2CB3-46EF-B30A-6A4A01523FFA}
		{2FE039D8-1828-47BC-838E-68C9FAF0B3B8} = {44E67941-2CB3-46EF-B30A-6A4A01523FFA}
		{63BED32F-F351-4D05-B43A-B063C9F75136} = {44E67941-2CB3-46EF-B30A-6A4A01523FFA}
		{7E5287D2-F9CE-48E2-A8E4-5E9A71AE6CCF} = {44E67941-2CB3-46EF-B30A-6A4A01523FFA}
		{6062226B-7C77-4A79-8D45-809DE6879B95} = {44E67941-2CB3-46EF-B30A-6A4A01523FFA}
		{B101B6DC-22DF-4D50-A43D-69324E4B671A} = {F65DF711-1138-49DD-A70C-899EB64D9A59}
		{11BDB40F-EF44-4F62-A217-24C16EC8A9F2} = {53F52BA6-3AA4-438E-B32A-91191DA1C179}
	EndGlobalSection
	GlobalSection(ExtensibilityGlobals) = postSolution
		SolutionGuid = {C31E64B4-FB9E-4A99-8C5A-04B650CC67CE}
	EndGlobalSection
EndGlobal
